
Microsoft Visual Studio Solution File, Format Version 12.00
# Visual Studio Version 16
VisualStudioVersion = 16.0.808.4
MinimumVisualStudioVersion = 10.0.40219.1
Project("{FAE04EC0-301F-11D3-BF4B-00C04F79EFBC}") = "GetOption.Core", "GetOption.Core\GetOption.Core.csproj", "{56A9CB78-4778-4104-86D6-DCE88A89E0CC}"
EndProject
Project("{FAE04EC0-301F-11D3-BF4B-00C04F79EFBC}") = "GetOption.Infrastructure", "GetOption.Infrastructure\GetOption.Infrastructure.csproj", "{94C2E93B-BC55-401F-AD87-224A78B8D9B5}"
EndProject
Global
	GlobalSection(SolutionConfigurationPlatforms) = preSolution
		Debug|Any CPU = Debug|Any CPU
		Release|Any CPU = Release|Any CPU
	EndGlobalSection
	GlobalSection(ProjectConfigurationPlatforms) = postSolution
		{56A9CB78-4778-4104-86D6-DCE88A89E0CC}.Debug|Any CPU.ActiveCfg = Debug|Any CPU
		{56A9CB78-4778-4104-86D6-DCE88A89E0CC}.Debug|Any CPU.Build.0 = Debug|Any CPU
		{56A9CB78-4778-4104-86D6-DCE88A89E0CC}.Release|Any CPU.ActiveCfg = Release|Any CPU
		{56A9CB78-4778-4104-86D6-DCE88A89E0CC}.Release|Any CPU.Build.0 = Release|Any CPU
		{94C2E93B-BC55-401F-AD87-224A78B8D9B5}.Debug|Any CPU.ActiveCfg = Debug|Any CPU
		{94C2E93B-BC55-401F-AD87-224A78B8D9B5}.Debug|Any CPU.Build.0 = Debug|Any CPU
		{94C2E93B-BC55-401F-AD87-224A78B8D9B5}.Release|Any CPU.ActiveCfg = Release|Any CPU
		{94C2E93B-BC55-401F-AD87-224A78B8D9B5}.Release|Any CPU.Build.0 = Release|Any CPU
	EndGlobalSection
	GlobalSection(SolutionProperties) = preSolution
		HideSolutionNode = FALSE
	EndGlobalSection
	GlobalSection(ExtensibilityGlobals) = postSolution
		SolutionGuid = {F844EBEE-C352-4154-B9F0-CBAD73D05BA4}
	EndGlobalSection
EndGlobal
